
Microsoft Visual Studio Solution File, Format Version 12.00
# Visual Studio Version 16
VisualStudioVersion = 16.0.31911.196
MinimumVisualStudioVersion = 10.0.40219.1
Project("{8BC9CEB8-8B4A-11D0-8D11-00A0C91BC942}") = "Dll1", "Dll1\Dll1.vcxproj", "{6BBC00E3-1AC5-4CA9-A53B-481DC3969B1D}"
EndProject
Project("{8BC9CEB8-8B4A-11D0-8D11-00A0C91BC942}") = "ConsoleTEST", "ConsoleTEST\ConsoleTEST.vcxproj", "{9C303682-024C-422E-A7DF-2FE3ADD60384}"
EndProject
Global
	GlobalSection(SolutionConfigurationPlatforms) = preSolution
		Debug|x64 = Debug|x64
		Debug|x86 = Debug|x86
		Release|x64 = Release|x64
		Release|x86 = Release|x86
	EndGlobalSection
	GlobalSection(ProjectConfigurationPlatforms) = postSolution
		{6BBC00E3-1AC5-4CA9-A53B-481DC3969B1D}.Debug|x64.ActiveCfg = Debug|x64
		{6BBC00E3-1AC5-4CA9-A53B-481DC3969B1D}.Debug|x64.Build.0 = Debug|x64
		{6BBC00E3-1AC5-4CA9-A53B-481DC3969B1D}.Debug|x86.ActiveCfg = Debug|Win32
		{6BBC00E3-1AC5-4CA9-A53B-481DC3969B1D}.Debug|x86.Build.0 = Debug|Win32
		{6BBC00E3-1AC5-4CA9-A53B-481DC3969B1D}.Release|x64.ActiveCfg = Release|x64
		{6BBC00E3-1AC5-4CA9-A53B-481DC3969B1D}.Release|x64.Build.0 = Release|x64
		{6BBC00E3-1AC5-4CA9-A53B-481DC3969B1D}.Release|x86.ActiveCfg = Release|Win32
		{6BBC00E3-1AC5-4CA9-A53B-481DC3969B1D}.Release|x86.Build.0 = Release|Win32
		{9C303682-024C-422E-A7DF-2FE3ADD60384}.Debug|x64.ActiveCfg = Debug|x64
		{9C303682-024C-422E-A7DF-2FE3ADD60384}.Debug|x64.Build.0 = Debug|x64
		{9C303682-024C-422E-A7DF-2FE3ADD60384}.Debug|x86.ActiveCfg = Debug|Win32
		{9C303682-024C-422E-A7DF-2FE3ADD60384}.Debug|x86.Build.0 = Debug|Win32
		{9C303682-024C-422E-A7DF-2FE3ADD60384}.Release|x64.ActiveCfg = Release|x64
		{9C303682-024C-422E-A7DF-2FE3ADD60384}.Release|x64.Build.0 = Release|x64
		{9C303682-024C-422E-A7DF-2FE3ADD60384}.Release|x86.ActiveCfg = Release|Win32
		{9C303682-024C-422E-A7DF-2FE3ADD60384}.Release|x86.Build.0 = Release|Win32
	EndGlobalSection
	GlobalSection(SolutionProperties) = preSolution
		HideSolutionNode = FALSE
	EndGlobalSection
	GlobalSection(ExtensibilityGlobals) = postSolution
		SolutionGuid = {CFE08DC4-B61D-4B85-98B3-ACBE0F404AE3}
	EndGlobalSection
EndGlobal
