
Microsoft Visual Studio Solution File, Format Version 12.00
# Visual Studio Version 17
VisualStudioVersion = 17.1.32210.238
MinimumVisualStudioVersion = 10.0.40219.1
Project("{8BC9CEB8-8B4A-11D0-8D11-00A0C91BC942}") = "OOP Lab 4 Sem2", "OOP Lab 4 Sem2\OOP Lab 4 Sem2.vcxproj", "{BB2B7E55-D812-44CB-B95B-11693FB8A51D}"
EndProject
Global
	GlobalSection(SolutionConfigurationPlatforms) = preSolution
		Debug|x64 = Debug|x64
		Debug|x86 = Debug|x86
		Release|x64 = Release|x64
		Release|x86 = Release|x86
	EndGlobalSection
	GlobalSection(ProjectConfigurationPlatforms) = postSolution
		{BB2B7E55-D812-44CB-B95B-11693FB8A51D}.Debug|x64.ActiveCfg = Debug|x64
		{BB2B7E55-D812-44CB-B95B-11693FB8A51D}.Debug|x64.Build.0 = Debug|x64
		{BB2B7E55-D812-44CB-B95B-11693FB8A51D}.Debug|x86.ActiveCfg = Debug|Win32
		{BB2B7E55-D812-44CB-B95B-11693FB8A51D}.Debug|x86.Build.0 = Debug|Win32
		{BB2B7E55-D812-44CB-B95B-11693FB8A51D}.Release|x64.ActiveCfg = Release|x64
		{BB2B7E55-D812-44CB-B95B-11693FB8A51D}.Release|x64.Build.0 = Release|x64
		{BB2B7E55-D812-44CB-B95B-11693FB8A51D}.Release|x86.ActiveCfg = Release|Win32
		{BB2B7E55-D812-44CB-B95B-11693FB8A51D}.Release|x86.Build.0 = Release|Win32
	EndGlobalSection
	GlobalSection(SolutionProperties) = preSolution
		HideSolutionNode = FALSE
	EndGlobalSection
	GlobalSection(ExtensibilityGlobals) = postSolution
		SolutionGuid = {3F3263B8-0192-4E68-BF74-B0CEE25E41BB}
	EndGlobalSection
EndGlobal
