<?xml version="1.0" encoding="utf-8"?>
<Project ToolsVersion="4.0" xmlns="http://schemas.microsoft.com/developer/msbuild/2003">
  <ItemGroup>
    <Filter Include="Header Files">
      <UniqueIdentifier>{93995380-89BD-4b04-88EB-625FBE52EBFB}</UniqueIdentifier>
      <Extensions>h;hh;hpp;hxx;h++;hm;inl;inc;ipp;xsd</Extensions>
    </Filter>
    <Filter Include="DataBase">
      <UniqueIdentifier>{4FC737F1-C7A5-4376-A066-2A32D752A2FF}</UniqueIdentifier>
      <Extensions>cpp;c;cc;cxx;c++;cppm;ixx;def;odl;idl;hpj;bat;asm;asmx</Extensions>
    </Filter>
    <Filter Include="DataBase\.h">
      <UniqueIdentifier>{f39d4ac8-5666-4207-a38b-48a948c29984}</UniqueIdentifier>
    </Filter>
    <Filter Include="Shapes">
      <UniqueIdentifier>{a38d6db7-a756-48ca-97bf-577d81408d78}</UniqueIdentifier>
    </Filter>
    <Filter Include="Shapes\.h">
      <UniqueIdentifier>{799c42a9-d50a-4e7e-b719-89849625e6f6}</UniqueIdentifier>
    </Filter>
  </ItemGroup>
  <ItemGroup>
    <ClInclude Include="framework.h">
      <Filter>Header Files</Filter>
    </ClInclude>
    <ClInclude Include="pch.h">
      <Filter>Header Files</Filter>
    </ClInclude>
    <ClInclude Include="Big.h">
      <Filter>Shapes\.h</Filter>
    </ClInclude>
    <ClInclude Include="Shape.h">
      <Filter>Shapes\.h</Filter>
    </ClInclude>
    <ClInclude Include="Small.h">
      <Filter>Shapes\.h</Filter>
    </ClInclude>
    <ClInclude Include="DB.h">
      <Filter>DataBase\.h</Filter>
    </ClInclude>
    <ClInclude Include="Mapper.h">
      <Filter>DataBase\.h</Filter>
    </ClInclude>
  </ItemGroup>
  <ItemGroup>
    <ClCompile Include="DB.cpp">
      <Filter>DataBase</Filter>
    </ClCompile>
    <ClCompile Include="Big.cpp">
      <Filter>Shapes</Filter>
    </ClCompile>
    <ClCompile Include="Small.cpp">
      <Filter>Shapes</Filter>
    </ClCompile>
    <ClCompile Include="pch.cpp">
      <Filter>Header Files</Filter>
    </ClCompile>
    <ClCompile Include="dllmain.cpp" />
    <ClCompile Include="Mapper.cpp">
      <Filter>DataBase</Filter>
    </ClCompile>
  </ItemGroup>
</Project>